
Microsoft Visual Studio Solution File, Format Version 12.00
# Visual Studio 14
VisualStudioVersion = 14.0.25420.1
MinimumVisualStudioVersion = 10.0.40219.1
Project("{2150E333-8FDC-42A3-9474-1A3956D46DE8}") = "Services", "Services", "{4F82BF7F-FB36-4707-8EA4-F1C9C85E17E4}"
EndProject
Project("{2150E333-8FDC-42A3-9474-1A3956D46DE8}") = "Context", "Context", "{1F4D8C24-403D-4549-B3DD-584E8DB28A3C}"
EndProject
Project("{2150E333-8FDC-42A3-9474-1A3956D46DE8}") = "Solution Items", "Solution Items", "{59F2F566-3594-49D4-A4C5-E3EF94335133}"
	ProjectSection(SolutionItems) = preProject
		global.json = global.json
	EndProjectSection
EndProject
Project("{2150E333-8FDC-42A3-9474-1A3956D46DE8}") = "Web", "Web", "{8562BFB3-1111-4BFB-9B63-BE1F3F04B08E}"
EndProject
Project("{8BB2217D-0F2D-49D1-97BC-3654ED321F3B}") = "Infomed.Core.Web", "src\Web\Infomed.Core.Web\Infomed.Core.Web.xproj", "{BC4B8B1B-BEF6-44A5-9F4E-CCF39E5932A9}"
EndProject
Project("{8BB2217D-0F2D-49D1-97BC-3654ED321F3B}") = "Infomed.Core.Context", "src\Context\Infomed.Core.Context\Infomed.Core.Context.xproj", "{1ABAD2D2-7D2D-4AC6-AC2D-A02638A05F0F}"
EndProject
Project("{8BB2217D-0F2D-49D1-97BC-3654ED321F3B}") = "Infomed.Core.Entities", "src\Context\Infomed.Core.Entities\Infomed.Core.Entities.xproj", "{88D4C321-3D3D-45A2-831C-4B2DDB392523}"
EndProject
Project("{8BB2217D-0F2D-49D1-97BC-3654ED321F3B}") = "Infomed.Core.Services", "src\Services\Infomed.Core.Services\Infomed.Core.Services.xproj", "{A553B985-E839-4541-B0BA-36440AF114EC}"
EndProject
Project("{8BB2217D-0F2D-49D1-97BC-3654ED321F3B}") = "Informed.Core.Context.Sql", "src\Context\Informed.Core.Context.Sql\Informed.Core.Context.Sql.xproj", "{EC559AFA-BD17-4B4D-8B2F-C6F1BE48CF8C}"
EndProject
Project("{2150E333-8FDC-42A3-9474-1A3956D46DE8}") = "Infrastructure", "Infrastructure", "{43F1738A-7C63-484A-8989-8258B63F1505}"
EndProject
Project("{8BB2217D-0F2D-49D1-97BC-3654ED321F3B}") = "Infomed.Core.Infrastructure", "src\Infrastructure\Infomed.Core.Infrastructure\Infomed.Core.Infrastructure.xproj", "{3DA53E74-CEF3-46E6-8D30-9A28B9751B7D}"
EndProject
Project("{2150E333-8FDC-42A3-9474-1A3956D46DE8}") = "Repositories", "Repositories", "{590FC466-4D95-4061-B922-A34E5D8A759F}"
EndProject
Project("{8BB2217D-0F2D-49D1-97BC-3654ED321F3B}") = "Infomed.Core.Repositories", "src\Repositories\Infomed.Core.Repositories\Infomed.Core.Repositories.xproj", "{E986836D-8946-40F6-AA28-A77ACB588B29}"
EndProject
Project("{2150E333-8FDC-42A3-9474-1A3956D46DE8}") = "Domain", "Domain", "{16B00328-4DCB-43B9-8149-0F65A4579CE1}"
EndProject
Project("{8BB2217D-0F2D-49D1-97BC-3654ED321F3B}") = "Infomed.Core.Domains", "src\Domains\Infomed.Core.Domains\Infomed.Core.Domains.xproj", "{A5211926-3456-40E4-8233-63AA9C8F3462}"
EndProject
Global
	GlobalSection(SolutionConfigurationPlatforms) = preSolution
		Debug|Any CPU = Debug|Any CPU
		Release|Any CPU = Release|Any CPU
	EndGlobalSection
	GlobalSection(ProjectConfigurationPlatforms) = postSolution
		{BC4B8B1B-BEF6-44A5-9F4E-CCF39E5932A9}.Debug|Any CPU.ActiveCfg = Debug|Any CPU
		{BC4B8B1B-BEF6-44A5-9F4E-CCF39E5932A9}.Debug|Any CPU.Build.0 = Debug|Any CPU
		{BC4B8B1B-BEF6-44A5-9F4E-CCF39E5932A9}.Release|Any CPU.ActiveCfg = Release|Any CPU
		{BC4B8B1B-BEF6-44A5-9F4E-CCF39E5932A9}.Release|Any CPU.Build.0 = Release|Any CPU
		{1ABAD2D2-7D2D-4AC6-AC2D-A02638A05F0F}.Debug|Any CPU.ActiveCfg = Debug|Any CPU
		{1ABAD2D2-7D2D-4AC6-AC2D-A02638A05F0F}.Debug|Any CPU.Build.0 = Debug|Any CPU
		{1ABAD2D2-7D2D-4AC6-AC2D-A02638A05F0F}.Release|Any CPU.ActiveCfg = Release|Any CPU
		{1ABAD2D2-7D2D-4AC6-AC2D-A02638A05F0F}.Release|Any CPU.Build.0 = Release|Any CPU
		{88D4C321-3D3D-45A2-831C-4B2DDB392523}.Debug|Any CPU.ActiveCfg = Debug|Any CPU
		{88D4C321-3D3D-45A2-831C-4B2DDB392523}.Debug|Any CPU.Build.0 = Debug|Any CPU
		{88D4C321-3D3D-45A2-831C-4B2DDB392523}.Release|Any CPU.ActiveCfg = Release|Any CPU
		{88D4C321-3D3D-45A2-831C-4B2DDB392523}.Release|Any CPU.Build.0 = Release|Any CPU
		{A553B985-E839-4541-B0BA-36440AF114EC}.Debug|Any CPU.ActiveCfg = Debug|Any CPU
		{A553B985-E839-4541-B0BA-36440AF114EC}.Debug|Any CPU.Build.0 = Debug|Any CPU
		{A553B985-E839-4541-B0BA-36440AF114EC}.Release|Any CPU.ActiveCfg = Release|Any CPU
		{A553B985-E839-4541-B0BA-36440AF114EC}.Release|Any CPU.Build.0 = Release|Any CPU
		{EC559AFA-BD17-4B4D-8B2F-C6F1BE48CF8C}.Debug|Any CPU.ActiveCfg = Debug|Any CPU
		{EC559AFA-BD17-4B4D-8B2F-C6F1BE48CF8C}.Debug|Any CPU.Build.0 = Debug|Any CPU
		{EC559AFA-BD17-4B4D-8B2F-C6F1BE48CF8C}.Release|Any CPU.ActiveCfg = Release|Any CPU
		{EC559AFA-BD17-4B4D-8B2F-C6F1BE48CF8C}.Release|Any CPU.Build.0 = Release|Any CPU
		{3DA53E74-CEF3-46E6-8D30-9A28B9751B7D}.Debug|Any CPU.ActiveCfg = Debug|Any CPU
		{3DA53E74-CEF3-46E6-8D30-9A28B9751B7D}.Debug|Any CPU.Build.0 = Debug|Any CPU
		{3DA53E74-CEF3-46E6-8D30-9A28B9751B7D}.Release|Any CPU.ActiveCfg = Release|Any CPU
		{3DA53E74-CEF3-46E6-8D30-9A28B9751B7D}.Release|Any CPU.Build.0 = Release|Any CPU
		{E986836D-8946-40F6-AA28-A77ACB588B29}.Debug|Any CPU.ActiveCfg = Debug|Any CPU
		{E986836D-8946-40F6-AA28-A77ACB588B29}.Debug|Any CPU.Build.0 = Debug|Any CPU
		{E986836D-8946-40F6-AA28-A77ACB588B29}.Release|Any CPU.ActiveCfg = Release|Any CPU
		{E986836D-8946-40F6-AA28-A77ACB588B29}.Release|Any CPU.Build.0 = Release|Any CPU
		{A5211926-3456-40E4-8233-63AA9C8F3462}.Debug|Any CPU.ActiveCfg = Debug|Any CPU
		{A5211926-3456-40E4-8233-63AA9C8F3462}.Debug|Any CPU.Build.0 = Debug|Any CPU
		{A5211926-3456-40E4-8233-63AA9C8F3462}.Release|Any CPU.ActiveCfg = Release|Any CPU
		{A5211926-3456-40E4-8233-63AA9C8F3462}.Release|Any CPU.Build.0 = Release|Any CPU
	EndGlobalSection
	GlobalSection(SolutionProperties) = preSolution
		HideSolutionNode = FALSE
	EndGlobalSection
	GlobalSection(NestedProjects) = preSolution
		{BC4B8B1B-BEF6-44A5-9F4E-CCF39E5932A9} = {8562BFB3-1111-4BFB-9B63-BE1F3F04B08E}
		{1ABAD2D2-7D2D-4AC6-AC2D-A02638A05F0F} = {1F4D8C24-403D-4549-B3DD-584E8DB28A3C}
		{88D4C321-3D3D-45A2-831C-4B2DDB392523} = {1F4D8C24-403D-4549-B3DD-584E8DB28A3C}
		{A553B985-E839-4541-B0BA-36440AF114EC} = {4F82BF7F-FB36-4707-8EA4-F1C9C85E17E4}
		{EC559AFA-BD17-4B4D-8B2F-C6F1BE48CF8C} = {1F4D8C24-403D-4549-B3DD-584E8DB28A3C}
		{3DA53E74-CEF3-46E6-8D30-9A28B9751B7D} = {43F1738A-7C63-484A-8989-8258B63F1505}
		{E986836D-8946-40F6-AA28-A77ACB588B29} = {590FC466-4D95-4061-B922-A34E5D8A759F}
		{A5211926-3456-40E4-8233-63AA9C8F3462} = {16B00328-4DCB-43B9-8149-0F65A4579CE1}
	EndGlobalSection
EndGlobal
